Microsoft Visual Studio Solution File, Format Version 12.00
# Visual Studio Version 17
VisualStudioVersion = 17.5.2.0
MinimumVisualStudioVersion = 10.0.40219.1
Project("{FAE04EC0-301F-11D3-BF4B-00C04F79EFBC}") = "BlazorTypst", "BlazorTypst.csproj", "{1267BB7B-5CB0-F757-8DDB-516FD7702ED3}"
EndProject
Global
	GlobalSection(SolutionConfigurationPlatforms) = preSolution
		Debug|Any CPU = Debug|Any CPU
		Release|Any CPU = Release|Any CPU
	EndGlobalSection
	GlobalSection(ProjectConfigurationPlatforms) = postSolution
		{1267BB7B-5CB0-F757-8DDB-516FD7702ED3}.Debug|Any CPU.ActiveCfg = Debug|Any CPU
		{1267BB7B-5CB0-F757-8DDB-516FD7702ED3}.Debug|Any CPU.Build.0 = Debug|Any CPU
		{1267BB7B-5CB0-F757-8DDB-516FD7702ED3}.Release|Any CPU.ActiveCfg = Release|Any CPU
		{1267BB7B-5CB0-F757-8DDB-516FD7702ED3}.Release|Any CPU.Build.0 = Release|Any CPU
	EndGlobalSection
	GlobalSection(SolutionProperties) = preSolution
		HideSolutionNode = FALSE
	EndGlobalSection
	GlobalSection(ExtensibilityGlobals) = postSolution
		SolutionGuid = {78F03E5E-AC1E-4660-80F5-75CF393588BC}
	EndGlobalSection
EndGlobal
